
Microsoft Visual Studio Solution File, Format Version 12.00
# Visual Studio Version 16
VisualStudioVersion = 16.0.31729.503
MinimumVisualStudioVersion = 10.0.40219.1
Project("{FAE04EC0-301F-11D3-BF4B-00C04F79EFBC}") = "Weekly_Report_IntegrationTests", "tests\Weekly_Report_IntegrationTests\Weekly_Report_IntegrationTests.csproj", "{39AD5258-7E97-4B72-9B53-35ED088DDB6B}"
EndProject
Project("{FAE04EC0-301F-11D3-BF4B-00C04F79EFBC}") = "WeeklyReport", "src\WeeklyReport\WeeklyReport.csproj", "{74548884-7D86-44B9-83FD-29405425178F}"
EndProject
Global
	GlobalSection(SolutionConfigurationPlatforms) = preSolution
		Debug|Any CPU = Debug|Any CPU
		Release|Any CPU = Release|Any CPU
	EndGlobalSection
	GlobalSection(ProjectConfigurationPlatforms) = postSolution
		{39AD5258-7E97-4B72-9B53-35ED088DDB6B}.Debug|Any CPU.ActiveCfg = Debug|Any CPU
		{39AD5258-7E97-4B72-9B53-35ED088DDB6B}.Debug|Any CPU.Build.0 = Debug|Any CPU
		{39AD5258-7E97-4B72-9B53-35ED088DDB6B}.Release|Any CPU.ActiveCfg = Release|Any CPU
		{39AD5258-7E97-4B72-9B53-35ED088DDB6B}.Release|Any CPU.Build.0 = Release|Any CPU
		{74548884-7D86-44B9-83FD-29405425178F}.Debug|Any CPU.ActiveCfg = Debug|Any CPU
		{74548884-7D86-44B9-83FD-29405425178F}.Debug|Any CPU.Build.0 = Debug|Any CPU
		{74548884-7D86-44B9-83FD-29405425178F}.Release|Any CPU.ActiveCfg = Release|Any CPU
		{74548884-7D86-44B9-83FD-29405425178F}.Release|Any CPU.Build.0 = Release|Any CPU
	EndGlobalSection
	GlobalSection(SolutionProperties) = preSolution
		HideSolutionNode = FALSE
	EndGlobalSection
	GlobalSection(ExtensibilityGlobals) = postSolution
		SolutionGuid = {AF9CB417-1597-4B14-81D8-033ED6C448D7}
	EndGlobalSection
EndGlobal
